// !$*UTF8*$!
{
	archiveVersion = 1;
	classes = {
	};
	objectVersion = 46;
	objects = {

/* Begin PBXBuildFile section */
		261D92851E3FB3FA005E0D34 /* AppDelegate.swift in Sources */ = {isa = PBXBuildFile; fileRef = 261D92841E3FB3FA005E0D34 /* AppDelegate.swift */; };
		261D92871E3FB3FA005E0D34 /* ViewController.swift in Sources */ = {isa = PBXBuildFile; fileRef = 261D92861E3FB3FA005E0D34 /* ViewController.swift */; };
		261D928A1E3FB3FA005E0D34 /* Main.storyboard in Resources */ = {isa = PBXBuildFile; fileRef = 261D92881E3FB3FA005E0D34 /* Main.storyboard */; };
		261D928C1E3FB3FA005E0D34 /* Assets.xcassets in Resources */ = {isa = PBXBuildFile; fileRef = 261D928B1E3FB3FA005E0D34 /* Assets.xcassets */; };
		261D928F1E3FB3FA005E0D34 /* LaunchScreen.storyboard in Resources */ = {isa = PBXBuildFile; fileRef = 261D928D1E3FB3FA005E0D34 /* LaunchScreen.storyboard */; };
/* End PBXBuildFile section */

/* Begin PBXFileReference section */
		261D92811E3FB3FA005E0D34 /* RealmCrash.app */ = {isa = PBXFileReference; explicitFileType = wrapper.application; includeInIndex = 0; path = RealmCrash.app; sourceTree = BUILT_PRODUCTS_DIR; };
		261D92841E3FB3FA005E0D34 /* AppDelegate.swift */ = {isa = PBXFileReference; lastKnownFileType = sourcecode.swift; path = AppDelegate.swift; sourceTree = "<group>"; };
		261D92861E3FB3FA005E0D34 /* ViewController.swift */ = {isa = PBXFileReference; lastKnownFileType = sourcecode.swift; path = ViewController.swift; sourceTree = "<group>"; };
		261D92891E3FB3FA005E0D34 /* Base */ = {isa = PBXFileReference; lastKnownFileType = file.storyboard; name = Base; path = Base.lproj/Main.storyboard; sourceTree = "<group>"; };
		261D928B1E3FB3FA005E0D34 /* Assets.xcassets */ = {isa = PBXFileReference; lastKnownFileType = folder.assetcatalog; path = Assets.xcassets; sourceTree = "<group>"; };
		261D928E1E3FB3FA005E0D34 /* Base */ = {isa = PBXFileReference; lastKnownFileType = file.storyboard; name = Base; path = Base.lproj/LaunchScreen.storyboard; sourceTree = "<group>"; };
		261D92901E3FB3FA005E0D34 /* Info.plist */ = {isa = PBXFileReference; lastKnownFileType = text.plist.xml; path = Info.plist; sourceTree = "<group>"; };
/* End PBXFileReference section */

/* Begin PBXFrameworksBuildPhase section */
		261D927E1E3FB3FA005E0D34 /* Frameworks */ = {
			isa = PBXFrameworksBuildPhase;
			buildActionMask = 2147483647;
			files = (
			);
			runOnlyForDeploymentPostprocessing = 0;
		};
/* End PBXFrameworksBuildPhase section */

/* Begin PBXGroup section */
		261D92781E3FB3FA005E0D34 = {
			isa = PBXGroup;
			children = (
				261D92831E3FB3FA005E0D34 /* RealmCrash */,
				261D92821E3FB3FA005E0D34 /* Products */,
			);
			sourceTree = "<group>";
		};
		261D92821E3FB3FA005E0D34 /* Products */ = {
			isa = PBXGroup;
			children = (
				261D92811E3FB3FA005E0D34 /* RealmCrash.app */,
			);
			name = Products;
			sourceTree = "<group>";
		};
		261D92831E3FB3FA005E0D34 /* RealmCrash */ = {
			isa = PBXGroup;
			children = (
				261D92841E3FB3FA005E0D34 /* AppDelegate.swift */,
				261D92861E3FB3FA005E0D34 /* ViewController.swift */,
				261D92881E3FB3FA005E0D34 /* Main.storyboard */,
				261D928B1E3FB3FA005E0D34 /* Assets.xcassets */,
				261D928D1E3FB3FA005E0D34 /* LaunchScreen.storyboard */,
				261D92901E3FB3FA005E0D34 /* Info.plist */,
			);
			path = RealmCrash;
			sourceTree = "<group>";
		};
/* End PBXGroup section */

/* Begin PBXNativeTarget section */
		261D92801E3FB3FA005E0D34 /* RealmCrash */ = {
			isa = PBXNativeTarget;
			buildConfigurationList = 261D92931E3FB3FA005E0D34 /* Build configuration list for PBXNativeTarget "RealmCrash" */;
			buildPhases = (
				261D927D1E3FB3FA005E0D34 /* Sources */,
				261D927E1E3FB3FA005E0D34 /* Frameworks */,
				261D927F1E3FB3FA005E0D34 /* Resources */,
			);
			buildRules = (
			);
			dependencies = (
			);
			name = RealmCrash;
			productName = RealmCrash;
			productReference = 261D92811E3FB3FA005E0D34 /* RealmCrash.app */;
			productType = "com.apple.product-type.application";
		};
/* End PBXNativeTarget section */

/* Begin PBXProject section */
		261D92791E3FB3FA005E0D34 /* Project object */ = {
			isa = PBXProject;
			attributes = {
				LastSwiftUpdateCheck = 0820;
				LastUpgradeCheck = 0820;
				ORGANIZATIONNAME = "Sven Bacia";
				TargetAttributes = {
					261D92801E3FB3FA005E0D34 = {
						CreatedOnToolsVersion = 8.2.1;
						DevelopmentTeam = ZG435LD5XK;
						ProvisioningStyle = Automatic;
					};
				};
			};
			buildConfigurationList = 261D927C1E3FB3FA005E0D34 /* Build configuration list for PBXProject "RealmCrash" */;
			compatibilityVersion = "Xcode 3.2";
			developmentRegion = English;
			hasScannedForEncodings = 0;
			knownRegions = (
				en,
				Base,
			);
			mainGroup = 261D92781E3FB3FA005E0D34;
			productRefGroup = 261D92821E3FB3FA005E0D34 /* Products */;
			projectDirPath = "";
			projectRoot = "";
			targets = (
				261D92801E3FB3FA005E0D34 /* RealmCrash */,
			);
		};
/* End PBXProject section */

/* Begin PBXResourcesBuildPhase section */
		261D927F1E3FB3FA005E0D34 /* Resources */ = {
			isa = PBXResourcesBuildPhase;
			buildActionMask = 2147483647;
			files = (
				261D928F1E3FB3FA005E0D34 /* LaunchScreen.storyboard in Resources */,
				261D928C1E3FB3FA005E0D34 /* Assets.xcassets in Resources */,
				261D928A1E3FB3FA005E0D34 /* Main.storyboard in Resources */,
			);
			runOnlyForDeploymentPostprocessing = 0;
		};
/* End PBXResourcesBuildPhase section */

/* Begin PBXSourcesBuildPhase section */
		261D927D1E3FB3FA005E0D34 /* Sources */ = {
			isa = PBXSourcesBuildPhase;
			buildActionMask = 2147483647;
			files = (
				261D92871E3FB3FA005E0D34 /* ViewController.swift in Sources */,
				261D92851E3FB3FA005E0D34 /* AppDelegate.swift in Sources */,
			);
			runOnlyForDeploymentPostprocessing = 0;
		};
/* End PBXSourcesBuildPhase section */

/* Begin PBXVariantGroup section */
		261D92881E3FB3FA005E0D34 /* Main.storyboard */ = {
			isa = PBXVariantGroup;
			children = (
				261D92891E3FB3FA005E0D34 /* Base */,
			);
			name = Main.storyboard;
			sourceTree = "<group>";
		};
		261D928D1E3FB3FA005E0D34 /* LaunchScreen.storyboard */ = {
			isa = PBXVariantGroup;
			children = (
				261D928E1E3FB3FA005E0D34 /* Base */,
			);
			name = LaunchScreen.storyboard;
			sourceTree = "<group>";
		};
/* End PBXVariantGroup section */

/* Begin XCBuildConfiguration section */
		261D92911E3FB3FA005E0D34 /* Debug */ = {
			isa = XCBuildConfiguration;
			buildSettings = {
				ALWAYS_SEARCH_USER_PATHS = NO;
				CLANG_ANALYZER_NONNULL = YES;
				CLANG_CXX_LANGUAGE_STANDARD = "gnu++0x";
				CLANG_CXX_LIBRARY = "libc++";
				CLANG_ENABLE_MODULES = YES;
				CLANG_ENABLE_OBJC_ARC = YES;
				CLANG_WARN_BOOL_CONVERSION = YES;
				CLANG_WARN_CONSTANT_CONVERSION = YES;
				CLANG_WARN_DIRECT_OBJC_ISA_USAGE = YES_ERROR;
				CLANG_WARN_DOCUMENTATION_COMMENTS = YES;
				CLANG_WARN_EMPTY_BODY = YES;
				CLANG_WARN_ENUM_CONVERSION = YES;
				CLANG_WARN_INFINITE_RECURSION = YES;
				CLANG_WARN_INT_CONVERSION = YES;
				CLANG_WARN_OBJC_ROOT_CLASS = YES_ERROR;
				CLANG_WARN_SUSPICIOUS_MOVE = YES;
				CLANG_WARN_UNREACHABLE_CODE = YES;
				CLANG_WARN__DUPLICATE_METHOD_MATCH = YES;
				"CODE_SIGN_IDENTITY[sdk=iphoneos*]" = "iPhone Developer";
				COPY_PHASE_STRIP = NO;
				DEBUG_INFORMATION_FORMAT = dwarf;
				ENABLE_STRICT_OBJC_MSGSEND = YES;
				ENABLE_TESTABILITY = YES;
				GCC_C_LANGUAGE_STANDARD = gnu99;
				GCC_DYNAMIC_NO_PIC = NO;
				GCC_NO_COMMON_BLOCKS = YES;
				GCC_OPTIMIZATION_LEVEL = 0;
				GCC_PREPROCESSOR_DEFINITIONS = (
					"DEBUG=1",
					"$(inherited)",
				);
				GCC_WARN_64_TO_32_BIT_CONVERSION = YES;
				GCC_WARN_ABOUT_RETURN_TYPE = YES_ERROR;
				GCC_WARN_UNDECLARED_SELECTOR = YES;
				GCC_WARN_UNINITIALIZED_AUTOS = YES_AGGRESSIVE;
				GCC_WARN_UNUSED_FUNCTION = YES;
				GCC_WARN_UNUSED_VARIABLE = YES;
				IPHONEOS_DEPLOYMENT_TARGET = 10.2;
				MTL_ENABLE_DEBUG_INFO = YES;
				ONLY_ACTIVE_ARCH = YES;
				SDKROOT = iphoneos;
				SWIFT_ACTIVE_COMPILATION_CONDITIONS = DEBUG;
				SWIFT_OPTIMIZATION_LEVEL = "-Onone";
			};
			name = Debug;
		};
		261D92921E3FB3FA005E0D34 /* Release */ = {
			isa = XCBuildConfiguration;
			buildSettings = {
				ALWAYS_SEARCH_USER_PATHS = NO;
				CLANG_ANALYZER_NONNULL = YES;
				CLANG_CXX_LANGUAGE_STANDARD = "gnu++0x";
				CLANG_CXX_LIBRARY = "libc++";
				CLANG_ENABLE_MODULES = YES;
				CLANG_ENABLE_OBJC_ARC = YES;
				CLANG_WARN_BOOL_CONVERSION = YES;
				CLANG_WARN_CONSTANT_CONVERSION = YES;
				CLANG_WARN_DIRECT_OBJC_ISA_USAGE = YES_ERROR;
				CLANG_WARN_DOCUMENTATION_COMMENTS = YES;
				CLANG_WARN_EMPTY_BODY = YES;
				CLANG_WARN_ENUM_CONVERSION = YES;
				CLANG_WARN_INFINITE_RECURSION = YES;
				CLANG_WARN_INT_CONVERSION = YES;
				CLANG_WARN_OBJC_ROOT_CLASS = YES_ERROR;
				CLANG_WARN_SUSPICIOUS_MOVE = YES;
				CLANG_WARN_UNREACHABLE_CODE = YES;
				CLANG_WARN__DUPLICATE_METHOD_MATCH = YES;
				"CODE_SIGN_IDENTITY[sdk=iphoneos*]" = "iPhone Developer";
				COPY_PHASE_STRIP = NO;
				DEBUG_INFORMATION_FORMAT = "dwarf-with-dsym";
				ENABLE_NS_ASSERTIONS = NO;
				ENABLE_STRICT_OBJC_MSGSEND = YES;
				GCC_C_LANGUAGE_STANDARD = gnu99;
				GCC_NO_COMMON_BLOCKS = YES;
				GCC_WARN_64_TO_32_BIT_CONVERSION = YES;
				GCC_WARN_ABOUT_RETURN_TYPE = YES_ERROR;
				GCC_WARN_UNDECLARED_SELECTOR = YES;
				GCC_WARN_UNINITIALIZED_AUTOS = YES_AGGRESSIVE;
				GCC_WARN_UNUSED_FUNCTION = YES;
				GCC_WARN_UNUSED_VARIABLE = YES;
				IPHONEOS_DEPLOYMENT_TARGET = 10.2;
				MTL_ENABLE_DEBUG_INFO = NO;
				SDKROOT = iphoneos;
				SWIFT_OPTIMIZATION_LEVEL = "-Owholemodule";
				VALIDATE_PRODUCT = YES;
			};
			name = Release;
		};
		261D92941E3FB3FA005E0D34 /* Debug */ = {
			isa = XCBuildConfiguration;
			buildSettings = {
				ASSETCATALOG_COMPILER_APPICON_NAME = AppIcon;
				DEVELOPMENT_TEAM = ZG435LD5XK;
				INFOPLIST_FILE = RealmCrash/Info.plist;
				LD_RUNPATH_SEARCH_PATHS = "$(inherited) @executable_path/Frameworks";
				PRODUCT_BUNDLE_IDENTIFIER = com.svenbacia.RealmCrash;
				PRODUCT_NAME = "$(TARGET_NAME)";
				SWIFT_VERSION = 3.0;
			};
			name = Debug;
		};
		261D92951E3FB3FA005E0D34 /* Release */ = {
			isa = XCBuildConfiguration;
			buildSettings = {
				ASSETCATALOG_COMPILER_APPICON_NAME = AppIcon;
				DEVELOPMENT_TEAM = ZG435LD5XK;
				INFOPLIST_FILE = RealmCrash/Info.plist;
				LD_RUNPATH_SEARCH_PATHS = "$(inherited) @executable_path/Frameworks";
				PRODUCT_BUNDLE_IDENTIFIER = com.svenbacia.RealmCrash;
				PRODUCT_NAME = "$(TARGET_NAME)";
				SWIFT_VERSION = 3.0;
			};
			name = Release;
		};
/* End XCBuildConfiguration section */

/* Begin XCConfigurationList section */
		261D927C1E3FB3FA005E0D34 /* Build configuration list for PBXProject "RealmCrash" */ = {
			isa = XCConfigurationList;
			buildConfigurations = (
				261D92911E3FB3FA005E0D34 /* Debug */,
				261D92921E3FB3FA005E0D34 /* Release */,
			);
			defaultConfigurationIsVisible = 0;
			defaultConfigurationName = Release;
		};
		261D92931E3FB3FA005E0D34 /* Build configuration list for PBXNativeTarget "RealmCrash" */ = {
			isa = XCConfigurationList;
			buildConfigurations = (
				261D92941E3FB3FA005E0D34 /* Debug */,
				261D92951E3FB3FA005E0D34 /* Release */,
			);
			defaultConfigurationIsVisible = 0;
		};
/* End XCConfigurationList section */
	};
	rootObject = 261D92791E3FB3FA005E0D34 /* Project object */;
}
